<?xml version="1.0" encoding="utf-8"?>
<Project ToolsVersion="4.0" xmlns="http://schemas.microsoft.com/developer/msbuild/2003">
  <ItemGroup>
    <Filter Include="Source Files">
      <UniqueIdentifier>{4FC737F1-C7A5-4376-A066-2A32D752A2FF}</UniqueIdentifier>
      <Extensions>cpp;c;cc;cxx;c++;cppm;ixx;def;odl;idl;hpj;bat;asm;asmx</Extensions>
    </Filter>
    <Filter Include="Header Files">
      <UniqueIdentifier>{93995380-89BD-4b04-88EB-625FBE52EBFB}</UniqueIdentifier>
      <Extensions>h;hh;hpp;hxx;h++;hm;inl;inc;ipp;xsd</Extensions>
    </Filter>
    <Filter Include="Resource Files">
      <UniqueIdentifier>{67DA6AB6-F800-4c08-8B7A-83BB121AAD01}</UniqueIdentifier>
      <Extensions>rc;ico;cur;bmp;dlg;rc2;rct;bin;rgs;gif;jpg;jpeg;jpe;resx;tiff;tif;png;wav;mfcribbon-ms</Extensions>
    </Filter>
  </ItemGroup>
  <ItemGroup>
    <ClCompile Include="src\main.cpp">
      <Filter>Source Files</Filter>
    </ClCompile>
    <ClCompile Include="src\ProcessHandler.cpp">
      <Filter>Source Files</Filter>
    </ClCompile>
    <ClCompile Include="src\TicTacToe.cpp">
      <Filter>Source Files</Filter>
    </ClCompile>
    <ClCompile Include="ext\imgui\imgui.cpp">
      <Filter>Source Files</Filter>
    </ClCompile>
    <ClCompile Include="ext\imgui\imgui_demo.cpp">
      <Filter>Source Files</Filter>
    </ClCompile>
    <ClCompile Include="ext\imgui\imgui_draw.cpp">
      <Filter>Source Files</Filter>
    </ClCompile>
    <ClCompile Include="ext\imgui\imgui_impl_dx11.cpp">
      <Filter>Source Files</Filter>
    </ClCompile>
    <ClCompile Include="ext\imgui\imgui_tables.cpp">
      <Filter>Source Files</Filter>
    </ClCompile>
    <ClCompile Include="ext\imgui\imgui_widgets.cpp">
      <Filter>Source Files</Filter>
    </ClCompile>
    <ClCompile Include="ext\imgui\imgui_impl_win32.cpp">
      <Filter>Source Files</Filter>
    </ClCompile>
    <ClCompile Include="src\FormattedInfo.cpp">
      <Filter>Source Files</Filter>
    </ClCompile>
    <ClCompile Include="src\Calculations.cpp">
      <Filter>Source Files</Filter>
    </ClCompile>
    <ClCompile Include="src\WindowHandler.cpp">
      <Filter>Source Files</Filter>
    </ClCompile>
    <ClCompile Include="src\DXHandler.cpp">
      <Filter>Source Files</Filter>
    </ClCompile>
    <ClCompile Include="src\gui.cpp">
      <Filter>Source Files</Filter>
    </ClCompile>
    <ClCompile Include="src\Logging.cpp">
      <Filter>Source Files</Filter>
    </ClCompile>
    <ClCompile Include="src\globals.h">
      <Filter>Source Files</Filter>
    </ClCompile>
    <ClCompile Include="src\ExternalLogger.cpp">
      <Filter>Source Files</Filter>
    </ClCompile>
    <ClCompile Include="src\globals.cpp">
      <Filter>Source Files</Filter>
    </ClCompile>
    <ClCompile Include="ext\imgui\imgui_impl_dx12.cpp">
      <Filter>Source Files</Filter>
    </ClCompile>
    <ClCompile Include="src\System.cpp">
      <Filter>Source Files</Filter>
    </ClCompile>
  </ItemGroup>
  <ItemGroup>
    <ClInclude Include="src\ProcessHandler.h">
      <Filter>Header Files</Filter>
    </ClInclude>
    <ClInclude Include="src\TicTacToe.h">
      <Filter>Header Files</Filter>
    </ClInclude>
    <ClInclude Include="ext\imgui\imconfig.h">
      <Filter>Header Files</Filter>
    </ClInclude>
    <ClInclude Include="ext\imgui\imgui.h">
      <Filter>Header Files</Filter>
    </ClInclude>
    <ClInclude Include="ext\imgui\imgui_impl_dx11.h">
      <Filter>Header Files</Filter>
    </ClInclude>
    <ClInclude Include="ext\imgui\imgui_internal.h">
      <Filter>Header Files</Filter>
    </ClInclude>
    <ClInclude Include="ext\imgui\imstb_rectpack.h">
      <Filter>Header Files</Filter>
    </ClInclude>
    <ClInclude Include="ext\imgui\imstb_textedit.h">
      <Filter>Header Files</Filter>
    </ClInclude>
    <ClInclude Include="ext\imgui\imstb_truetype.h">
      <Filter>Header Files</Filter>
    </ClInclude>
    <ClInclude Include="ext\imgui\imgui_impl_win32.h">
      <Filter>Header Files</Filter>
    </ClInclude>
    <ClInclude Include="src\FormattedInfo.h">
      <Filter>Header Files</Filter>
    </ClInclude>
    <ClInclude Include="src\Calculations.h">
      <Filter>Header Files</Filter>
    </ClInclude>
    <ClInclude Include="src\WindowHandler.h">
      <Filter>Header Files</Filter>
    </ClInclude>
    <ClInclude Include="src\DXHandler.h">
      <Filter>Header Files</Filter>
    </ClInclude>
    <ClInclude Include="src\gui.h">
      <Filter>Header Files</Filter>
    </ClInclude>
    <ClInclude Include="src\Logging.h">
      <Filter>Header Files</Filter>
    </ClInclude>
    <ClInclude Include="ext\curl\include\brotli\decode.h">
      <Filter>Header Files</Filter>
    </ClInclude>
    <ClInclude Include="ext\curl\include\brotli\encode.h">
      <Filter>Header Files</Filter>
    </ClInclude>
    <ClInclude Include="ext\curl\include\brotli\port.h">
      <Filter>Header Files</Filter>
    </ClInclude>
    <ClInclude Include="ext\curl\include\brotli\shared_dictionary.h">
      <Filter>Header Files</Filter>
    </ClInclude>
    <ClInclude Include="ext\curl\include\brotli\types.h">
      <Filter>Header Files</Filter>
    </ClInclude>
    <ClInclude Include="ext\curl\include\nghttp2\nghttp2.h">
      <Filter>Header Files</Filter>
    </ClInclude>
    <ClInclude Include="ext\curl\include\nghttp2\nghttp2ver.h">
      <Filter>Header Files</Filter>
    </ClInclude>
    <ClInclude Include="ext\curl\include\nghttp3\nghttp3.h">
      <Filter>Header Files</Filter>
    </ClInclude>
    <ClInclude Include="ext\curl\include\nghttp3\version.h">
      <Filter>Header Files</Filter>
    </ClInclude>
    <ClInclude Include="ext\curl\include\ngtcp2\ngtcp2.h">
      <Filter>Header Files</Filter>
    </ClInclude>
    <ClInclude Include="ext\curl\include\ngtcp2\ngtcp2_crypto.h">
      <Filter>Header Files</Filter>
    </ClInclude>
    <ClInclude Include="ext\curl\include\ngtcp2\ngtcp2_crypto_quictls.h">
      <Filter>Header Files</Filter>
    </ClInclude>
    <ClInclude Include="ext\curl\include\ngtcp2\version.h">
      <Filter>Header Files</Filter>
    </ClInclude>
    <ClInclude Include="ext\curl\include\openssl\aes.h">
      <Filter>Header Files</Filter>
    </ClInclude>
    <ClInclude Include="ext\curl\include\openssl\asn1.h">
      <Filter>Header Files</Filter>
    </ClInclude>
    <ClInclude Include="ext\curl\include\openssl\asn1t.h">
      <Filter>Header Files</Filter>
    </ClInclude>
    <ClInclude Include="ext\curl\include\openssl\bio.h">
      <Filter>Header Files</Filter>
    </ClInclude>
    <ClInclude Include="ext\curl\include\openssl\blowfish.h">
      <Filter>Header Files</Filter>
    </ClInclude>
    <ClInclude Include="ext\curl\include\openssl\bn.h">
      <Filter>Header Files</Filter>
    </ClInclude>
    <ClInclude Include="ext\curl\include\openssl\buffer.h">
      <Filter>Header Files</Filter>
    </ClInclude>
    <ClInclude Include="ext\curl\include\openssl\camellia.h">
      <Filter>Header Files</Filter>
    </ClInclude>
    <ClInclude Include="ext\curl\include\openssl\cast.h">
      <Filter>Header Files</Filter>
    </ClInclude>
    <ClInclude Include="ext\curl\include\openssl\cmac.h">
      <Filter>Header Files</Filter>
    </ClInclude>
    <ClInclude Include="ext\curl\include\openssl\cms.h">
      <Filter>Header Files</Filter>
    </ClInclude>
    <ClInclude Include="ext\curl\include\openssl\comp.h">
      <Filter>Header Files</Filter>
    </ClInclude>
    <ClInclude Include="ext\curl\include\openssl\conf.h">
      <Filter>Header Files</Filter>
    </ClInclude>
    <ClInclude Include="ext\curl\include\openssl\crypto.h">
      <Filter>Header Files</Filter>
    </ClInclude>
    <ClInclude Include="ext\curl\include\openssl\ct.h">
      <Filter>Header Files</Filter>
    </ClInclude>
    <ClInclude Include="ext\curl\include\openssl\curve25519.h">
      <Filter>Header Files</Filter>
    </ClInclude>
    <ClInclude Include="ext\curl\include\openssl\des.h">
      <Filter>Header Files</Filter>
    </ClInclude>
    <ClInclude Include="ext\curl\include\openssl\dh.h">
      <Filter>Header Files</Filter>
    </ClInclude>
    <ClInclude Include="ext\curl\include\openssl\dsa.h">
      <Filter>Header Files</Filter>
    </ClInclude>
    <ClInclude Include="ext\curl\include\openssl\dtls1.h">
      <Filter>Header Files</Filter>
    </ClInclude>
    <ClInclude Include="ext\curl\include\openssl\ec.h">
      <Filter>Header Files</Filter>
    </ClInclude>
    <ClInclude Include="ext\curl\include\openssl\ecdh.h">
      <Filter>Header Files</Filter>
    </ClInclude>
    <ClInclude Include="ext\curl\include\openssl\ecdsa.h">
      <Filter>Header Files</Filter>
    </ClInclude>
    <ClInclude Include="ext\curl\include\openssl\engine.h">
      <Filter>Header Files</Filter>
    </ClInclude>
    <ClInclude Include="ext\curl\include\openssl\err.h">
      <Filter>Header Files</Filter>
    </ClInclude>
    <ClInclude Include="ext\curl\include\openssl\evp.h">
      <Filter>Header Files</Filter>
    </ClInclude>
    <ClInclude Include="ext\curl\include\openssl\hkdf.h">
      <Filter>Header Files</Filter>
    </ClInclude>
    <ClInclude Include="ext\curl\include\openssl\hmac.h">
      <Filter>Header Files</Filter>
    </ClInclude>
    <ClInclude Include="ext\curl\include\openssl\chacha.h">
      <Filter>Header Files</Filter>
    </ClInclude>
    <ClInclude Include="ext\curl\include\openssl\idea.h">
      <Filter>Header Files</Filter>
    </ClInclude>
    <ClInclude Include="ext\curl\include\openssl\kdf.h">
      <Filter>Header Files</Filter>
    </ClInclude>
    <ClInclude Include="ext\curl\include\openssl\lhash.h">
      <Filter>Header Files</Filter>
    </ClInclude>
    <ClInclude Include="ext\curl\include\openssl\md4.h">
      <Filter>Header Files</Filter>
    </ClInclude>
    <ClInclude Include="ext\curl\include\openssl\md5.h">
      <Filter>Header Files</Filter>
    </ClInclude>
    <ClInclude Include="ext\curl\include\openssl\modes.h">
      <Filter>Header Files</Filter>
    </ClInclude>
    <ClInclude Include="ext\curl\include\openssl\obj_mac.h">
      <Filter>Header Files</Filter>
    </ClInclude>
    <ClInclude Include="ext\curl\include\openssl\objects.h">
      <Filter>Header Files</Filter>
    </ClInclude>
    <ClInclude Include="ext\curl\include\openssl\ocsp.h">
      <Filter>Header Files</Filter>
    </ClInclude>
    <ClInclude Include="ext\curl\include\openssl\opensslconf.h">
      <Filter>Header Files</Filter>
    </ClInclude>
    <ClInclude Include="ext\curl\include\openssl\opensslfeatures.h">
      <Filter>Header Files</Filter>
    </ClInclude>
    <ClInclude Include="ext\curl\include\openssl\opensslv.h">
      <Filter>Header Files</Filter>
    </ClInclude>
    <ClInclude Include="ext\curl\include\openssl\ossl_typ.h">
      <Filter>Header Files</Filter>
    </ClInclude>
    <ClInclude Include="ext\curl\include\openssl\pem.h">
      <Filter>Header Files</Filter>
    </ClInclude>
    <ClInclude Include="ext\curl\include\openssl\pkcs7.h">
      <Filter>Header Files</Filter>
    </ClInclude>
    <ClInclude Include="ext\curl\include\openssl\pkcs12.h">
      <Filter>Header Files</Filter>
    </ClInclude>
    <ClInclude Include="ext\curl\include\openssl\poly1305.h">
      <Filter>Header Files</Filter>
    </ClInclude>
    <ClInclude Include="ext\curl\include\openssl\posix_time.h">
      <Filter>Header Files</Filter>
    </ClInclude>
    <ClInclude Include="ext\curl\include\openssl\rand.h">
      <Filter>Header Files</Filter>
    </ClInclude>
    <ClInclude Include="ext\curl\include\openssl\rc2.h">
      <Filter>Header Files</Filter>
    </ClInclude>
    <ClInclude Include="ext\curl\include\openssl\rc4.h">
      <Filter>Header Files</Filter>
    </ClInclude>
    <ClInclude Include="ext\curl\include\openssl\ripemd.h">
      <Filter>Header Files</Filter>
    </ClInclude>
    <ClInclude Include="ext\curl\include\openssl\rsa.h">
      <Filter>Header Files</Filter>
    </ClInclude>
    <ClInclude Include="ext\curl\include\openssl\safestack.h">
      <Filter>Header Files</Filter>
    </ClInclude>
    <ClInclude Include="ext\curl\include\openssl\sha.h">
      <Filter>Header Files</Filter>
    </ClInclude>
    <ClInclude Include="ext\curl\include\openssl\sm3.h">
      <Filter>Header Files</Filter>
    </ClInclude>
    <ClInclude Include="ext\curl\include\openssl\sm4.h">
      <Filter>Header Files</Filter>
    </ClInclude>
    <ClInclude Include="ext\curl\include\openssl\srtp.h">
      <Filter>Header Files</Filter>
    </ClInclude>
    <ClInclude Include="ext\curl\include\openssl\ssl.h">
      <Filter>Header Files</Filter>
    </ClInclude>
    <ClInclude Include="ext\curl\include\openssl\ssl3.h">
      <Filter>Header Files</Filter>
    </ClInclude>
    <ClInclude Include="ext\curl\include\openssl\stack.h">
      <Filter>Header Files</Filter>
    </ClInclude>
    <ClInclude Include="ext\curl\include\openssl\tls1.h">
      <Filter>Header Files</Filter>
    </ClInclude>
    <ClInclude Include="ext\curl\include\openssl\ts.h">
      <Filter>Header Files</Filter>
    </ClInclude>
    <ClInclude Include="ext\curl\include\openssl\txt_db.h">
      <Filter>Header Files</Filter>
    </ClInclude>
    <ClInclude Include="ext\curl\include\openssl\ui.h">
      <Filter>Header Files</Filter>
    </ClInclude>
    <ClInclude Include="ext\curl\include\openssl\x509.h">
      <Filter>Header Files</Filter>
    </ClInclude>
    <ClInclude Include="ext\curl\include\openssl\x509_vfy.h">
      <Filter>Header Files</Filter>
    </ClInclude>
    <ClInclude Include="ext\curl\include\openssl\x509v3.h">
      <Filter>Header Files</Filter>
    </ClInclude>
    <ClInclude Include="ext\curl\include\libpsl.h">
      <Filter>Header Files</Filter>
    </ClInclude>
    <ClInclude Include="ext\curl\include\libssh2.h">
      <Filter>Header Files</Filter>
    </ClInclude>
    <ClInclude Include="ext\curl\include\libssh2_publickey.h">
      <Filter>Header Files</Filter>
    </ClInclude>
    <ClInclude Include="ext\curl\include\libssh2_sftp.h">
      <Filter>Header Files</Filter>
    </ClInclude>
    <ClInclude Include="ext\curl\include\zconf.h">
      <Filter>Header Files</Filter>
    </ClInclude>
    <ClInclude Include="ext\curl\include\zdict.h">
      <Filter>Header Files</Filter>
    </ClInclude>
    <ClInclude Include="ext\curl\include\zlib.h">
      <Filter>Header Files</Filter>
    </ClInclude>
    <ClInclude Include="ext\curl\include\zstd.h">
      <Filter>Header Files</Filter>
    </ClInclude>
    <ClInclude Include="ext\curl\include\zstd_errors.h">
      <Filter>Header Files</Filter>
    </ClInclude>
    <ClInclude Include="src\ExternalLogger.h">
      <Filter>Header Files</Filter>
    </ClInclude>
    <ClInclude Include="ext\stb_image.h">
      <Filter>Header Files</Filter>
    </ClInclude>
    <ClInclude Include="ext\imgui\imgui_impl_dx12.h">
      <Filter>Header Files</Filter>
    </ClInclude>
    <ClInclude Include="src\System.h">
      <Filter>Header Files</Filter>
    </ClInclude>
    <ClInclude Include="ext\imgui_styleGTA5\Fonts\Header.hpp">
      <Filter>Header Files</Filter>
    </ClInclude>
    <ClInclude Include="ext\imgui_styleGTA5\Fonts\Icons.hpp">
      <Filter>Header Files</Filter>
    </ClInclude>
    <ClInclude Include="ext\imgui_styleGTA5\Fonts\Primary.hpp">
      <Filter>Header Files</Filter>
    </ClInclude>
    <ClInclude Include="ext\imgui_styleGTA5\Include.hpp">
      <Filter>Header Files</Filter>
    </ClInclude>
    <ClInclude Include="ext\imgui_styleGTA5\Items.hpp">
      <Filter>Header Files</Filter>
    </ClInclude>
    <ClInclude Include="ext\imgui_styleGTA5\TextMultiColor.hpp">
      <Filter>Header Files</Filter>
    </ClInclude>
    <ClInclude Include="src\audio.h">
      <Filter>Header Files</Filter>
    </ClInclude>
  </ItemGroup>
</Project>